// !$*UTF8*$!
{
	archiveVersion = 1;
	classes = {
	};
	objectVersion = 56;
	objects = {

/* Begin PBXBuildFile section */
		128CFF2A2928165200C7B52D /* MapKitExampleApp.swift in Sources */ = {isa = PBXBuildFile; fileRef = 128CFF292928165200C7B52D /* MapKitExampleApp.swift */; };
		128CFF2C2928165200C7B52D /* ContentView.swift in Sources */ = {isa = PBXBuildFile; fileRef = 128CFF2B2928165200C7B52D /* ContentView.swift */; };
		128CFF2E2928165300C7B52D /* Assets.xcassets in Resources */ = {isa = PBXBuildFile; fileRef = 128CFF2D2928165300C7B52D /* Assets.xcassets */; };
		128CFF312928165300C7B52D /* Preview Assets.xcassets in Resources */ = {isa = PBXBuildFile; fileRef = 128CFF302928165300C7B52D /* Preview Assets.xcassets */; };
		128CFF3B2928165300C7B52D /* MapKitExampleTests.swift in Sources */ = {isa = PBXBuildFile; fileRef = 128CFF3A2928165300C7B52D /* MapKitExampleTests.swift */; };
		128CFF452928165300C7B52D /* MapKitExampleUITests.swift in Sources */ = {isa = PBXBuildFile; fileRef = 128CFF442928165300C7B52D /* MapKitExampleUITests.swift */; };
		128CFF472928165300C7B52D /* MapKitExampleUITestsLaunchTests.swift in Sources */ = {isa = PBXBuildFile; fileRef = 128CFF462928165300C7B52D /* MapKitExampleUITestsLaunchTests.swift */; };
		128CFF552928166C00C7B52D /* LocalSearchService.swift in Sources */ = {isa = PBXBuildFile; fileRef = 128CFF542928166C00C7B52D /* LocalSearchService.swift */; };
		128CFF5829281AAB00C7B52D /* LocalSearchViewData.swift in Sources */ = {isa = PBXBuildFile; fileRef = 128CFF5729281AAB00C7B52D /* LocalSearchViewData.swift */; };
		128CFF5B29281B6100C7B52D /* ContentViewModel.swift in Sources */ = {isa = PBXBuildFile; fileRef = 128CFF5A29281B6100C7B52D /* ContentViewModel.swift */; };
		128CFF5E292824A900C7B52D /* MapKitView.swift in Sources */ = {isa = PBXBuildFile; fileRef = 128CFF5D292824A900C7B52D /* MapKitView.swift */; };
/* End PBXBuildFile section */

/* Begin PBXContainerItemProxy section */
		128CFF372928165300C7B52D /* PBXContainerItemProxy */ = {
			isa = PBXContainerItemProxy;
			containerPortal = 128CFF1E2928165200C7B52D /* Project object */;
			proxyType = 1;
			remoteGlobalIDString = 128CFF252928165200C7B52D;
			remoteInfo = MapKitExample;
		};
		128CFF412928165300C7B52D /* PBXContainerItemProxy */ = {
			isa = PBXContainerItemProxy;
			containerPortal = 128CFF1E2928165200C7B52D /* Project object */;
			proxyType = 1;
			remoteGlobalIDString = 128CFF252928165200C7B52D;
			remoteInfo = MapKitExample;
		};
/* End PBXContainerItemProxy section */

/* Begin PBXFileReference section */
		128CFF262928165200C7B52D /* MapKitExample.app */ = {isa = PBXFileReference; explicitFileType = wrapper.application; includeInIndex = 0; path = MapKitExample.app; sourceTree = BUILT_PRODUCTS_DIR; };
		128CFF292928165200C7B52D /* MapKitExampleApp.swift */ = {isa = PBXFileReference; lastKnownFileType = sourcecode.swift; path = MapKitExampleApp.swift; sourceTree = "<group>"; };
		128CFF2B2928165200C7B52D /* ContentView.swift */ = {isa = PBXFileReference; lastKnownFileType = sourcecode.swift; path = ContentView.swift; sourceTree = "<group>"; };
		128CFF2D2928165300C7B52D /* Assets.xcassets */ = {isa = PBXFileReference; lastKnownFileType = folder.assetcatalog; path = Assets.xcassets; sourceTree = "<group>"; };
		128CFF302928165300C7B52D /* Preview Assets.xcassets */ = {isa = PBXFileReference; lastKnownFileType = folder.assetcatalog; path = "Preview Assets.xcassets"; sourceTree = "<group>"; };
		128CFF362928165300C7B52D /* MapKitExampleTests.xctest */ = {isa = PBXFileReference; explicitFileType = wrapper.cfbundle; includeInIndex = 0; path = MapKitExampleTests.xctest; sourceTree = BUILT_PRODUCTS_DIR; };
		128CFF3A2928165300C7B52D /* MapKitExampleTests.swift */ = {isa = PBXFileReference; lastKnownFileType = sourcecode.swift; path = MapKitExampleTests.swift; sourceTree = "<group>"; };
		128CFF402928165300C7B52D /* MapKitExampleUITests.xctest */ = {isa = PBXFileReference; explicitFileType = wrapper.cfbundle; includeInIndex = 0; path = MapKitExampleUITests.xctest; sourceTree = BUILT_PRODUCTS_DIR; };
		128CFF442928165300C7B52D /* MapKitExampleUITests.swift */ = {isa = PBXFileReference; lastKnownFileType = sourcecode.swift; path = MapKitExampleUITests.swift; sourceTree = "<group>"; };
		128CFF462928165300C7B52D /* MapKitExampleUITestsLaunchTests.swift */ = {isa = PBXFileReference; lastKnownFileType = sourcecode.swift; path = MapKitExampleUITestsLaunchTests.swift; sourceTree = "<group>"; };
		128CFF542928166C00C7B52D /* LocalSearchService.swift */ = {isa = PBXFileReference; lastKnownFileType = sourcecode.swift; path = LocalSearchService.swift; sourceTree = "<group>"; };
		128CFF5729281AAB00C7B52D /* LocalSearchViewData.swift */ = {isa = PBXFileReference; lastKnownFileType = sourcecode.swift; path = LocalSearchViewData.swift; sourceTree = "<group>"; };
		128CFF5A29281B6100C7B52D /* ContentViewModel.swift */ = {isa = PBXFileReference; lastKnownFileType = sourcecode.swift; path = ContentViewModel.swift; sourceTree = "<group>"; };
		128CFF5D292824A900C7B52D /* MapKitView.swift */ = {isa = PBXFileReference; lastKnownFileType = sourcecode.swift; path = MapKitView.swift; sourceTree = "<group>"; };
/* End PBXFileReference section */

/* Begin PBXFrameworksBuildPhase section */
		128CFF232928165200C7B52D /* Frameworks */ = {
			isa = PBXFrameworksBuildPhase;
			buildActionMask = 2147483647;
			files = (
			);
			runOnlyForDeploymentPostprocessing = 0;
		};
		128CFF332928165300C7B52D /* Frameworks */ = {
			isa = PBXFrameworksBuildPhase;
			buildActionMask = 2147483647;
			files = (
			);
			runOnlyForDeploymentPostprocessing = 0;
		};
		128CFF3D2928165300C7B52D /* Frameworks */ = {
			isa = PBXFrameworksBuildPhase;
			buildActionMask = 2147483647;
			files = (
			);
			runOnlyForDeploymentPostprocessing = 0;
		};
/* End PBXFrameworksBuildPhase section */

/* Begin PBXGroup section */
		128CFF1D2928165200C7B52D = {
			isa = PBXGroup;
			children = (
				128CFF282928165200C7B52D /* MapKitExample */,
				128CFF392928165300C7B52D /* MapKitExampleTests */,
				128CFF432928165300C7B52D /* MapKitExampleUITests */,
				128CFF272928165200C7B52D /* Products */,
			);
			sourceTree = "<group>";
		};
		128CFF272928165200C7B52D /* Products */ = {
			isa = PBXGroup;
			children = (
				128CFF262928165200C7B52D /* MapKitExample.app */,
				128CFF362928165300C7B52D /* MapKitExampleTests.xctest */,
				128CFF402928165300C7B52D /* MapKitExampleUITests.xctest */,
			);
			name = Products;
			sourceTree = "<group>";
		};
		128CFF282928165200C7B52D /* MapKitExample */ = {
			isa = PBXGroup;
			children = (
				128CFF5C2928249B00C7B52D /* Views */,
				128CFF5929281B4E00C7B52D /* ViewModels */,
				128CFF5629281A9700C7B52D /* Models */,
				128CFF532928165900C7B52D /* Services */,
				128CFF292928165200C7B52D /* MapKitExampleApp.swift */,
				128CFF2B2928165200C7B52D /* ContentView.swift */,
				128CFF2D2928165300C7B52D /* Assets.xcassets */,
				128CFF2F2928165300C7B52D /* Preview Content */,
			);
			path = MapKitExample;
			sourceTree = "<group>";
		};
		128CFF2F2928165300C7B52D /* Preview Content */ = {
			isa = PBXGroup;
			children = (
				128CFF302928165300C7B52D /* Preview Assets.xcassets */,
			);
			path = "Preview Content";
			sourceTree = "<group>";
		};
		128CFF392928165300C7B52D /* MapKitExampleTests */ = {
			isa = PBXGroup;
			children = (
				128CFF3A2928165300C7B52D /* MapKitExampleTests.swift */,
			);
			path = MapKitExampleTests;
			sourceTree = "<group>";
		};
		128CFF432928165300C7B52D /* MapKitExampleUITests */ = {
			isa = PBXGroup;
			children = (
				128CFF442928165300C7B52D /* MapKitExampleUITests.swift */,
				128CFF462928165300C7B52D /* MapKitExampleUITestsLaunchTests.swift */,
			);
			path = MapKitExampleUITests;
			sourceTree = "<group>";
		};
		128CFF532928165900C7B52D /* Services */ = {
			isa = PBXGroup;
			children = (
				128CFF542928166C00C7B52D /* LocalSearchService.swift */,
			);
			path = Services;
			sourceTree = "<group>";
		};
		128CFF5629281A9700C7B52D /* Models */ = {
			isa = PBXGroup;
			children = (
				128CFF5729281AAB00C7B52D /* LocalSearchViewData.swift */,
			);
			path = Models;
			sourceTree = "<group>";
		};
		128CFF5929281B4E00C7B52D /* ViewModels */ = {
			isa = PBXGroup;
			children = (
				128CFF5A29281B6100C7B52D /* ContentViewModel.swift */,
			);
			path = ViewModels;
			sourceTree = "<group>";
		};
		128CFF5C2928249B00C7B52D /* Views */ = {
			isa = PBXGroup;
			children = (
				128CFF5D292824A900C7B52D /* MapKitView.swift */,
			);
			path = Views;
			sourceTree = "<group>";
		};
/* End PBXGroup section */

/* Begin PBXNativeTarget section */
		128CFF252928165200C7B52D /* MapKitExample */ = {
			isa = PBXNativeTarget;
			buildConfigurationList = 128CFF4A2928165300C7B52D /* Build configuration list for PBXNativeTarget "MapKitExample" */;
			buildPhases = (
				128CFF222928165200C7B52D /* Sources */,
				128CFF232928165200C7B52D /* Frameworks */,
				128CFF242928165200C7B52D /* Resources */,
			);
			buildRules = (
			);
			dependencies = (
			);
			name = MapKitExample;
			productName = MapKitExample;
			productReference = 128CFF262928165200C7B52D /* MapKitExample.app */;
			productType = "com.apple.product-type.application";
		};
		128CFF352928165300C7B52D /* MapKitExampleTests */ = {
			isa = PBXNativeTarget;
			buildConfigurationList = 128CFF4D2928165300C7B52D /* Build configuration list for PBXNativeTarget "MapKitExampleTests" */;
			buildPhases = (
				128CFF322928165300C7B52D /* Sources */,
				128CFF332928165300C7B52D /* Frameworks */,
				128CFF342928165300C7B52D /* Resources */,
			);
			buildRules = (
			);
			dependencies = (
				128CFF382928165300C7B52D /* PBXTargetDependency */,
			);
			name = MapKitExampleTests;
			productName = MapKitExampleTests;
			productReference = 128CFF362928165300C7B52D /* MapKitExampleTests.xctest */;
			productType = "com.apple.product-type.bundle.unit-test";
		};
		128CFF3F2928165300C7B52D /* MapKitExampleUITests */ = {
			isa = PBXNativeTarget;
			buildConfigurationList = 128CFF502928165300C7B52D /* Build configuration list for PBXNativeTarget "MapKitExampleUITests" */;
			buildPhases = (
				128CFF3C2928165300C7B52D /* Sources */,
				128CFF3D2928165300C7B52D /* Frameworks */,
				128CFF3E2928165300C7B52D /* Resources */,
			);
			buildRules = (
			);
			dependencies = (
				128CFF422928165300C7B52D /* PBXTargetDependency */,
			);
			name = MapKitExampleUITests;
			productName = MapKitExampleUITests;
			productReference = 128CFF402928165300C7B52D /* MapKitExampleUITests.xctest */;
			productType = "com.apple.product-type.bundle.ui-testing";
		};
/* End PBXNativeTarget section */

/* Begin PBXProject section */
		128CFF1E2928165200C7B52D /* Project object */ = {
			isa = PBXProject;
			attributes = {
				BuildIndependentTargetsInParallel = 1;
				LastSwiftUpdateCheck = 1410;
				LastUpgradeCheck = 1410;
				TargetAttributes = {
					128CFF252928165200C7B52D = {
						CreatedOnToolsVersion = 14.1;
					};
					128CFF352928165300C7B52D = {
						CreatedOnToolsVersion = 14.1;
						TestTargetID = 128CFF252928165200C7B52D;
					};
					128CFF3F2928165300C7B52D = {
						CreatedOnToolsVersion = 14.1;
						TestTargetID = 128CFF252928165200C7B52D;
					};
				};
			};
			buildConfigurationList = 128CFF212928165200C7B52D /* Build configuration list for PBXProject "MapKitExample" */;
			compatibilityVersion = "Xcode 14.0";
			developmentRegion = en;
			hasScannedForEncodings = 0;
			knownRegions = (
				en,
				Base,
			);
			mainGroup = 128CFF1D2928165200C7B52D;
			productRefGroup = 128CFF272928165200C7B52D /* Products */;
			projectDirPath = "";
			projectRoot = "";
			targets = (
				128CFF252928165200C7B52D /* MapKitExample */,
				128CFF352928165300C7B52D /* MapKitExampleTests */,
				128CFF3F2928165300C7B52D /* MapKitExampleUITests */,
			);
		};
/* End PBXProject section */

/* Begin PBXResourcesBuildPhase section */
		128CFF242928165200C7B52D /* Resources */ = {
			isa = PBXResourcesBuildPhase;
			buildActionMask = 2147483647;
			files = (
				128CFF312928165300C7B52D /* Preview Assets.xcassets in Resources */,
				128CFF2E2928165300C7B52D /* Assets.xcassets in Resources */,
			);
			runOnlyForDeploymentPostprocessing = 0;
		};
		128CFF342928165300C7B52D /* Resources */ = {
			isa = PBXResourcesBuildPhase;
			buildActionMask = 2147483647;
			files = (
			);
			runOnlyForDeploymentPostprocessing = 0;
		};
		128CFF3E2928165300C7B52D /* Resources */ = {
			isa = PBXResourcesBuildPhase;
			buildActionMask = 2147483647;
			files = (
			);
			runOnlyForDeploymentPostprocessing = 0;
		};
/* End PBXResourcesBuildPhase section */

/* Begin PBXSourcesBuildPhase section */
		128CFF222928165200C7B52D /* Sources */ = {
			isa = PBXSourcesBuildPhase;
			buildActionMask = 2147483647;
			files = (
				128CFF5E292824A900C7B52D /* MapKitView.swift in Sources */,
				128CFF2C2928165200C7B52D /* ContentView.swift in Sources */,
				128CFF552928166C00C7B52D /* LocalSearchService.swift in Sources */,
				128CFF5829281AAB00C7B52D /* LocalSearchViewData.swift in Sources */,
				128CFF2A2928165200C7B52D /* MapKitExampleApp.swift in Sources */,
				128CFF5B29281B6100C7B52D /* ContentViewModel.swift in Sources */,
			);
			runOnlyForDeploymentPostprocessing = 0;
		};
		128CFF322928165300C7B52D /* Sources */ = {
			isa = PBXSourcesBuildPhase;
			buildActionMask = 2147483647;
			files = (
				128CFF3B2928165300C7B52D /* MapKitExampleTests.swift in Sources */,
			);
			runOnlyForDeploymentPostprocessing = 0;
		};
		128CFF3C2928165300C7B52D /* Sources */ = {
			isa = PBXSourcesBuildPhase;
			buildActionMask = 2147483647;
			files = (
				128CFF452928165300C7B52D /* MapKitExampleUITests.swift in Sources */,
				128CFF472928165300C7B52D /* MapKitExampleUITestsLaunchTests.swift in Sources */,
			);
			runOnlyForDeploymentPostprocessing = 0;
		};
/* End PBXSourcesBuildPhase section */

/* Begin PBXTargetDependency section */
		128CFF382928165300C7B52D /* PBXTargetDependency */ = {
			isa = PBXTargetDependency;
			target = 128CFF252928165200C7B52D /* MapKitExample */;
			targetProxy = 128CFF372928165300C7B52D /* PBXContainerItemProxy */;
		};
		128CFF422928165300C7B52D /* PBXTargetDependency */ = {
			isa = PBXTargetDependency;
			target = 128CFF252928165200C7B52D /* MapKitExample */;
			targetProxy = 128CFF412928165300C7B52D /* PBXContainerItemProxy */;
		};
/* End PBXTargetDependency section */

/* Begin XCBuildConfiguration section */
		128CFF482928165300C7B52D /* Debug */ = {
			isa = XCBuildConfiguration;
			buildSettings = {
				ALWAYS_SEARCH_USER_PATHS = NO;
				CLANG_ANALYZER_NONNULL = YES;
				CLANG_ANALYZER_NUMBER_OBJECT_CONVERSION = YES_AGGRESSIVE;
				CLANG_CXX_LANGUAGE_STANDARD = "gnu++20";
				CLANG_ENABLE_MODULES = YES;
				CLANG_ENABLE_OBJC_ARC = YES;
				CLANG_ENABLE_OBJC_WEAK = YES;
				CLANG_WARN_BLOCK_CAPTURE_AUTORELEASING = YES;
				CLANG_WARN_BOOL_CONVERSION = YES;
				CLANG_WARN_COMMA = YES;
				CLANG_WARN_CONSTANT_CONVERSION = YES;
				CLANG_WARN_DEPRECATED_OBJC_IMPLEMENTATIONS = YES;
				CLANG_WARN_DIRECT_OBJC_ISA_USAGE = YES_ERROR;
				CLANG_WARN_DOCUMENTATION_COMMENTS = YES;
				CLANG_WARN_EMPTY_BODY = YES;
				CLANG_WARN_ENUM_CONVERSION = YES;
				CLANG_WARN_INFINITE_RECURSION = YES;
				CLANG_WARN_INT_CONVERSION = YES;
				CLANG_WARN_NON_LITERAL_NULL_CONVERSION = YES;
				CLANG_WARN_OBJC_IMPLICIT_RETAIN_SELF = YES;
				CLANG_WARN_OBJC_LITERAL_CONVERSION = YES;
				CLANG_WARN_OBJC_ROOT_CLASS = YES_ERROR;
				CLANG_WARN_QUOTED_INCLUDE_IN_FRAMEWORK_HEADER = YES;
				CLANG_WARN_RANGE_LOOP_ANALYSIS = YES;
				CLANG_WARN_STRICT_PROTOTYPES = YES;
				CLANG_WARN_SUSPICIOUS_MOVE = YES;
				CLANG_WARN_UNGUARDED_AVAILABILITY = YES_AGGRESSIVE;
				CLANG_WARN_UNREACHABLE_CODE = YES;
				CLANG_WARN__DUPLICATE_METHOD_MATCH = YES;
				COPY_PHASE_STRIP = NO;
				DEBUG_INFORMATION_FORMAT = dwarf;
				ENABLE_STRICT_OBJC_MSGSEND = YES;
				ENABLE_TESTABILITY = YES;
				GCC_C_LANGUAGE_STANDARD = gnu11;
				GCC_DYNAMIC_NO_PIC = NO;
				GCC_NO_COMMON_BLOCKS = YES;
				GCC_OPTIMIZATION_LEVEL = 0;
				GCC_PREPROCESSOR_DEFINITIONS = (
					"DEBUG=1",
					"$(inherited)",
				);
				GCC_WARN_64_TO_32_BIT_CONVERSION = YES;
				GCC_WARN_ABOUT_RETURN_TYPE = YES_ERROR;
				GCC_WARN_UNDECLARED_SELECTOR = YES;
				GCC_WARN_UNINITIALIZED_AUTOS = YES_AGGRESSIVE;
				GCC_WARN_UNUSED_FUNCTION = YES;
				GCC_WARN_UNUSED_VARIABLE = YES;
				IPHONEOS_DEPLOYMENT_TARGET = 16.1;
				MTL_ENABLE_DEBUG_INFO = INCLUDE_SOURCE;
				MTL_FAST_MATH = YES;
				ONLY_ACTIVE_ARCH = YES;
				SDKROOT = iphoneos;
				SWIFT_ACTIVE_COMPILATION_CONDITIONS = DEBUG;
				SWIFT_OPTIMIZATION_LEVEL = "-Onone";
			};
			name = Debug;
		};
		128CFF492928165300C7B52D /* Release */ = {
			isa = XCBuildConfiguration;
			buildSettings = {
				ALWAYS_SEARCH_USER_PATHS = NO;
				CLANG_ANALYZER_NONNULL = YES;
				CLANG_ANALYZER_NUMBER_OBJECT_CONVERSION = YES_AGGRESSIVE;
				CLANG_CXX_LANGUAGE_STANDARD = "gnu++20";
				CLANG_ENABLE_MODULES = YES;
				CLANG_ENABLE_OBJC_ARC = YES;
				CLANG_ENABLE_OBJC_WEAK = YES;
				CLANG_WARN_BLOCK_CAPTURE_AUTORELEASING = YES;
				CLANG_WARN_BOOL_CONVERSION = YES;
				CLANG_WARN_COMMA = YES;
				CLANG_WARN_CONSTANT_CONVERSION = YES;
				CLANG_WARN_DEPRECATED_OBJC_IMPLEMENTATIONS = YES;
				CLANG_WARN_DIRECT_OBJC_ISA_USAGE = YES_ERROR;
				CLANG_WARN_DOCUMENTATION_COMMENTS = YES;
				CLANG_WARN_EMPTY_BODY = YES;
				CLANG_WARN_ENUM_CONVERSION = YES;
				CLANG_WARN_INFINITE_RECURSION = YES;
				CLANG_WARN_INT_CONVERSION = YES;
				CLANG_WARN_NON_LITERAL_NULL_CONVERSION = YES;
				CLANG_WARN_OBJC_IMPLICIT_RETAIN_SELF = YES;
				CLANG_WARN_OBJC_LITERAL_CONVERSION = YES;
				CLANG_WARN_OBJC_ROOT_CLASS = YES_ERROR;
				CLANG_WARN_QUOTED_INCLUDE_IN_FRAMEWORK_HEADER = YES;
				CLANG_WARN_RANGE_LOOP_ANALYSIS = YES;
				CLANG_WARN_STRICT_PROTOTYPES = YES;
				CLANG_WARN_SUSPICIOUS_MOVE = YES;
				CLANG_WARN_UNGUARDED_AVAILABILITY = YES_AGGRESSIVE;
				CLANG_WARN_UNREACHABLE_CODE = YES;
				CLANG_WARN__DUPLICATE_METHOD_MATCH = YES;
				COPY_PHASE_STRIP = NO;
				DEBUG_INFORMATION_FORMAT = "dwarf-with-dsym";
				ENABLE_NS_ASSERTIONS = NO;
				ENABLE_STRICT_OBJC_MSGSEND = YES;
				GCC_C_LANGUAGE_STANDARD = gnu11;
				GCC_NO_COMMON_BLOCKS = YES;
				GCC_WARN_64_TO_32_BIT_CONVERSION = YES;
				GCC_WARN_ABOUT_RETURN_TYPE = YES_ERROR;
				GCC_WARN_UNDECLARED_SELECTOR = YES;
				GCC_WARN_UNINITIALIZED_AUTOS = YES_AGGRESSIVE;
				GCC_WARN_UNUSED_FUNCTION = YES;
				GCC_WARN_UNUSED_VARIABLE = YES;
				IPHONEOS_DEPLOYMENT_TARGET = 16.1;
				MTL_ENABLE_DEBUG_INFO = NO;
				MTL_FAST_MATH = YES;
				SDKROOT = iphoneos;
				SWIFT_COMPILATION_MODE = wholemodule;
				SWIFT_OPTIMIZATION_LEVEL = "-O";
				VALIDATE_PRODUCT = YES;
			};
			name = Release;
		};
		128CFF4B2928165300C7B52D /* Debug */ = {
			isa = XCBuildConfiguration;
			buildSettings = {
				ASSETCATALOG_COMPILER_APPICON_NAME = AppIcon;
				ASSETCATALOG_COMPILER_GLOBAL_ACCENT_COLOR_NAME = AccentColor;
				CODE_SIGN_STYLE = Automatic;
				CURRENT_PROJECT_VERSION = 1;
				DEVELOPMENT_ASSET_PATHS = "\"MapKitExample/Preview Content\"";
				DEVELOPMENT_TEAM = 2T78BG3872;
				ENABLE_PREVIEWS = YES;
				GENERATE_INFOPLIST_FILE = YES;
				INFOPLIST_KEY_UIApplicationSceneManifest_Generation = YES;
				INFOPLIST_KEY_UIApplicationSupportsIndirectInputEvents = YES;
				INFOPLIST_KEY_UILaunchScreen_Generation = YES;
				INFOPLIST_KEY_UISupportedInterfaceOrientations_iPad = "UIInterfaceOrientationPortrait UIInterfaceOrientationPortraitUpsideDown UIInterfaceOrientationLandscapeLeft UIInterfaceOrientationLandscapeRight";
				INFOPLIST_KEY_UISupportedInterfaceOrientations_iPhone = "UIInterfaceOrientationPortrait UIInterfaceOrientationLandscapeLeft UIInterfaceOrientationLandscapeRight";
				LD_RUNPATH_SEARCH_PATHS = (
					"$(inherited)",
					"@executable_path/Frameworks",
				);
				MARKETING_VERSION = 1.0;
				PRODUCT_BUNDLE_IDENTIFIER = com.example.MapKitExample;
				PRODUCT_NAME = "$(TARGET_NAME)";
				SWIFT_EMIT_LOC_STRINGS = YES;
				SWIFT_VERSION = 5.0;
				TARGETED_DEVICE_FAMILY = "1,2";
			};
			name = Debug;
		};
		128CFF4C2928165300C7B52D /* Release */ = {
			isa = XCBuildConfiguration;
			buildSettings = {
				ASSETCATALOG_COMPILER_APPICON_NAME = AppIcon;
				ASSETCATALOG_COMPILER_GLOBAL_ACCENT_COLOR_NAME = AccentColor;
				CODE_SIGN_STYLE = Automatic;
				CURRENT_PROJECT_VERSION = 1;
				DEVELOPMENT_ASSET_PATHS = "\"MapKitExample/Preview Content\"";
				DEVELOPMENT_TEAM = 2T78BG3872;
				ENABLE_PREVIEWS = YES;
				GENERATE_INFOPLIST_FILE = YES;
				INFOPLIST_KEY_UIApplicationSceneManifest_Generation = YES;
				INFOPLIST_KEY_UIApplicationSupportsIndirectInputEvents = YES;
				INFOPLIST_KEY_UILaunchScreen_Generation = YES;
				INFOPLIST_KEY_UISupportedInterfaceOrientations_iPad = "UIInterfaceOrientationPortrait UIInterfaceOrientationPortraitUpsideDown UIInterfaceOrientationLandscapeLeft UIInterfaceOrientationLandscapeRight";
				INFOPLIST_KEY_UISupportedInterfaceOrientations_iPhone = "UIInterfaceOrientationPortrait UIInterfaceOrientationLandscapeLeft UIInterfaceOrientationLandscapeRight";
				LD_RUNPATH_SEARCH_PATHS = (
					"$(inherited)",
					"@executable_path/Frameworks",
				);
				MARKETING_VERSION = 1.0;
				PRODUCT_BUNDLE_IDENTIFIER = com.example.MapKitExample;
				PRODUCT_NAME = "$(TARGET_NAME)";
				SWIFT_EMIT_LOC_STRINGS = YES;
				SWIFT_VERSION = 5.0;
				TARGETED_DEVICE_FAMILY = "1,2";
			};
			name = Release;
		};
		128CFF4E2928165300C7B52D /* Debug */ = {
			isa = XCBuildConfiguration;
			buildSettings = {
				ALWAYS_EMBED_SWIFT_STANDARD_LIBRARIES = YES;
				BUNDLE_LOADER = "$(TEST_HOST)";
				CODE_SIGN_STYLE = Automatic;
				CURRENT_PROJECT_VERSION = 1;
				DEVELOPMENT_TEAM = 2T78BG3872;
				GENERATE_INFOPLIST_FILE = YES;
				IPHONEOS_DEPLOYMENT_TARGET = 16.1;
				MARKETING_VERSION = 1.0;
				PRODUCT_BUNDLE_IDENTIFIER = com.example.MapKitExampleTests;
				PRODUCT_NAME = "$(TARGET_NAME)";
				SWIFT_EMIT_LOC_STRINGS = NO;
				SWIFT_VERSION = 5.0;
				TARGETED_DEVICE_FAMILY = "1,2";
				TEST_HOST = "$(BUILT_PRODUCTS_DIR)/MapKitExample.app/$(BUNDLE_EXECUTABLE_FOLDER_PATH)/MapKitExample";
			};
			name = Debug;
		};
		128CFF4F2928165300C7B52D /* Release */ = {
			isa = XCBuildConfiguration;
			buildSettings = {
				ALWAYS_EMBED_SWIFT_STANDARD_LIBRARIES = YES;
				BUNDLE_LOADER = "$(TEST_HOST)";
				CODE_SIGN_STYLE = Automatic;
				CURRENT_PROJECT_VERSION = 1;
				DEVELOPMENT_TEAM = 2T78BG3872;
				GENERATE_INFOPLIST_FILE = YES;
				IPHONEOS_DEPLOYMENT_TARGET = 16.1;
				MARKETING_VERSION = 1.0;
				PRODUCT_BUNDLE_IDENTIFIER = com.example.MapKitExampleTests;
				PRODUCT_NAME = "$(TARGET_NAME)";
				SWIFT_EMIT_LOC_STRINGS = NO;
				SWIFT_VERSION = 5.0;
				TARGETED_DEVICE_FAMILY = "1,2";
				TEST_HOST = "$(BUILT_PRODUCTS_DIR)/MapKitExample.app/$(BUNDLE_EXECUTABLE_FOLDER_PATH)/MapKitExample";
			};
			name = Release;
		};
		128CFF512928165300C7B52D /* Debug */ = {
			isa = XCBuildConfiguration;
			buildSettings = {
				ALWAYS_EMBED_SWIFT_STANDARD_LIBRARIES = YES;
				CODE_SIGN_STYLE = Automatic;
				CURRENT_PROJECT_VERSION = 1;
				DEVELOPMENT_TEAM = 2T78BG3872;
				GENERATE_INFOPLIST_FILE = YES;
				MARKETING_VERSION = 1.0;
				PRODUCT_BUNDLE_IDENTIFIER = com.example.MapKitExampleUITests;
				PRODUCT_NAME = "$(TARGET_NAME)";
				SWIFT_EMIT_LOC_STRINGS = NO;
				SWIFT_VERSION = 5.0;
				TARGETED_DEVICE_FAMILY = "1,2";
				TEST_TARGET_NAME = MapKitExample;
			};
			name = Debug;
		};
		128CFF522928165300C7B52D /* Release */ = {
			isa = XCBuildConfiguration;
			buildSettings = {
				ALWAYS_EMBED_SWIFT_STANDARD_LIBRARIES = YES;
				CODE_SIGN_STYLE = Automatic;
				CURRENT_PROJECT_VERSION = 1;
				DEVELOPMENT_TEAM = 2T78BG3872;
				GENERATE_INFOPLIST_FILE = YES;
				MARKETING_VERSION = 1.0;
				PRODUCT_BUNDLE_IDENTIFIER = com.example.MapKitExampleUITests;
				PRODUCT_NAME = "$(TARGET_NAME)";
				SWIFT_EMIT_LOC_STRINGS = NO;
				SWIFT_VERSION = 5.0;
				TARGETED_DEVICE_FAMILY = "1,2";
				TEST_TARGET_NAME = MapKitExample;
			};
			name = Release;
		};
/* End XCBuildConfiguration section */

/* Begin XCConfigurationList section */
		128CFF212928165200C7B52D /* Build configuration list for PBXProject "MapKitExample" */ = {
			isa = XCConfigurationList;
			buildConfigurations = (
				128CFF482928165300C7B52D /* Debug */,
				128CFF492928165300C7B52D /* Release */,
			);
			defaultConfigurationIsVisible = 0;
			defaultConfigurationName = Release;
		};
		128CFF4A2928165300C7B52D /* Build configuration list for PBXNativeTarget "MapKitExample" */ = {
			isa = XCConfigurationList;
			buildConfigurations = (
				128CFF4B2928165300C7B52D /* Debug */,
				128CFF4C2928165300C7B52D /* Release */,
			);
			defaultConfigurationIsVisible = 0;
			defaultConfigurationName = Release;
		};
		128CFF4D2928165300C7B52D /* Build configuration list for PBXNativeTarget "MapKitExampleTests" */ = {
			isa = XCConfigurationList;
			buildConfigurations = (
				128CFF4E2928165300C7B52D /* Debug */,
				128CFF4F2928165300C7B52D /* Release */,
			);
			defaultConfigurationIsVisible = 0;
			defaultConfigurationName = Release;
		};
		128CFF502928165300C7B52D /* Build configuration list for PBXNativeTarget "MapKitExampleUITests" */ = {
			isa = XCConfigurationList;
			buildConfigurations = (
				128CFF512928165300C7B52D /* Debug */,
				128CFF522928165300C7B52D /* Release */,
			);
			defaultConfigurationIsVisible = 0;
			defaultConfigurationName = Release;
		};
/* End XCConfigurationList section */
	};
	rootObject = 128CFF1E2928165200C7B52D /* Project object */;
}
